// !$*UTF8*$!
{
	archiveVersion = 1;
	classes = {
	};
	objectVersion = 55;
	objects = {

/* Begin PBXBuildFile section */
		AE04219728A935FF00034C2F /* ListSearchParametrVC.swift in Sources */ = {isa = PBXBuildFile; fileRef = AE04219628A935FF00034C2F /* ListSearchParametrVC.swift */; };
		AE04219B28A94DEA00034C2F /* ModelsForSearchCar.swift in Sources */ = {isa = PBXBuildFile; fileRef = AE04219A28A94DE900034C2F /* ModelsForSearchCar.swift */; };
		AE04219D28A95CD900034C2F /* CellForTouch.swift in Sources */ = {isa = PBXBuildFile; fileRef = AE04219C28A95CD900034C2F /* CellForTouch.swift */; };
		AE04219F28A95D5D00034C2F /* CustomUILabel.swift in Sources */ = {isa = PBXBuildFile; fileRef = AE04219E28A95D5D00034C2F /* CustomUILabel.swift */; };
		AE0421A228AA433600034C2F /* GoogleSignIn in Frameworks */ = {isa = PBXBuildFile; productRef = AE0421A128AA433600034C2F /* GoogleSignIn */; };
		AE0421A428AA433600034C2F /* GoogleSignInSwift in Frameworks */ = {isa = PBXBuildFile; productRef = AE0421A328AA433600034C2F /* GoogleSignInSwift */; };
		AE0421B328AA8C6900034C2F /* FirebaseAuth in Frameworks */ = {isa = PBXBuildFile; productRef = AE0421B228AA8C6900034C2F /* FirebaseAuth */; };
		AE0421B528AA8C6900034C2F /* FirebaseDatabase in Frameworks */ = {isa = PBXBuildFile; productRef = AE0421B428AA8C6900034C2F /* FirebaseDatabase */; };
		AE0421B728AA8C6900034C2F /* FirebaseDatabaseSwift in Frameworks */ = {isa = PBXBuildFile; productRef = AE0421B628AA8C6900034C2F /* FirebaseDatabaseSwift */; };
		AE0421B928AA8C6900034C2F /* FirebaseFirestore in Frameworks */ = {isa = PBXBuildFile; productRef = AE0421B828AA8C6900034C2F /* FirebaseFirestore */; };
		AE0421BB28AA8C6900034C2F /* FirebaseFirestoreSwift in Frameworks */ = {isa = PBXBuildFile; productRef = AE0421BA28AA8C6900034C2F /* FirebaseFirestoreSwift */; };
		AE0421BD28AA8C6900034C2F /* FirebaseStorage in Frameworks */ = {isa = PBXBuildFile; productRef = AE0421BC28AA8C6900034C2F /* FirebaseStorage */; };
		AE0BE88728A2403700C0E116 /* AppDelegate.swift in Sources */ = {isa = PBXBuildFile; fileRef = AE0BE88628A2403700C0E116 /* AppDelegate.swift */; };
		AE0BE88928A2403700C0E116 /* SceneDelegate.swift in Sources */ = {isa = PBXBuildFile; fileRef = AE0BE88828A2403700C0E116 /* SceneDelegate.swift */; };
		AE0BE88B28A2403700C0E116 /* SearchViewController.swift in Sources */ = {isa = PBXBuildFile; fileRef = AE0BE88A28A2403700C0E116 /* SearchViewController.swift */; };
		AE0BE89028A2403A00C0E116 /* Assets.xcassets in Resources */ = {isa = PBXBuildFile; fileRef = AE0BE88F28A2403A00C0E116 /* Assets.xcassets */; };
		AE0BE89328A2403A00C0E116 /* LaunchScreen.storyboard in Resources */ = {isa = PBXBuildFile; fileRef = AE0BE89128A2403A00C0E116 /* LaunchScreen.storyboard */; };
		AE0BE89B28A245B100C0E116 /* MainTabBarController.swift in Sources */ = {isa = PBXBuildFile; fileRef = AE0BE89A28A245B100C0E116 /* MainTabBarController.swift */; };
		AE0BE89D28A2473A00C0E116 /* SaveAdsViewController.swift in Sources */ = {isa = PBXBuildFile; fileRef = AE0BE89C28A2473A00C0E116 /* SaveAdsViewController.swift */; };
		AE0BE89F28A2475100C0E116 /* MyAdsViewController.swift in Sources */ = {isa = PBXBuildFile; fileRef = AE0BE89E28A2475100C0E116 /* MyAdsViewController.swift */; };
		AE0BE8A128A247A500C0E116 /* ProfileViewController.swift in Sources */ = {isa = PBXBuildFile; fileRef = AE0BE8A028A247A500C0E116 /* ProfileViewController.swift */; };
		AE0BE8A528A24FD600C0E116 /* UIColor+extension.swift in Sources */ = {isa = PBXBuildFile; fileRef = AE0BE8A428A24FD600C0E116 /* UIColor+extension.swift */; };
		AE0BE8A828A25A2A00C0E116 /* LoginFoarnViewController .swift in Sources */ = {isa = PBXBuildFile; fileRef = AE0BE8A728A25A2A00C0E116 /* LoginFoarnViewController .swift */; };
		AE0BE8AB28A260F600C0E116 /* SnapKit in Frameworks */ = {isa = PBXBuildFile; productRef = AE0BE8AA28A260F600C0E116 /* SnapKit */; };
		AE0BE8AF28A2B3E700C0E116 /* CustomTextField.swift in Sources */ = {isa = PBXBuildFile; fileRef = AE0BE8AE28A2B3E700C0E116 /* CustomTextField.swift */; };
		AE0BE8B128A2B56100C0E116 /* CustomButton.swift in Sources */ = {isa = PBXBuildFile; fileRef = AE0BE8B028A2B56100C0E116 /* CustomButton.swift */; };
		AE0BE8B328A3ACD500C0E116 /* GoogleService-Info.plist in Resources */ = {isa = PBXBuildFile; fileRef = AE0BE8B228A3ACD500C0E116 /* GoogleService-Info.plist */; };
		AE0BE8F228A3E53200C0E116 /* ProfileCellForSettingVC.swift in Sources */ = {isa = PBXBuildFile; fileRef = AE0BE8F128A3E53200C0E116 /* ProfileCellForSettingVC.swift */; };
		AE343CAF28BE3D5A00B677A9 /* ViewingAdsVC.swift in Sources */ = {isa = PBXBuildFile; fileRef = AE343CAE28BE3D5900B677A9 /* ViewingAdsVC.swift */; };
		AE343CB328BE42BB00B677A9 /* AdsCell.swift in Sources */ = {isa = PBXBuildFile; fileRef = AE343CB228BE42BB00B677A9 /* AdsCell.swift */; };
		AE343CB528BF90F600B677A9 /* AdsVC.swift in Sources */ = {isa = PBXBuildFile; fileRef = AE343CB428BF90F600B677A9 /* AdsVC.swift */; };
		AE343CB728BFD75B00B677A9 /* CellForSpecification.swift in Sources */ = {isa = PBXBuildFile; fileRef = AE343CB628BFD75A00B677A9 /* CellForSpecification.swift */; };
		AE343CB928C0FA1600B677A9 /* ChooseParamsVC.swift in Sources */ = {isa = PBXBuildFile; fileRef = AE343CB828C0FA1600B677A9 /* ChooseParamsVC.swift */; };
		AE343CBB28C1EE8C00B677A9 /* TextViewVC.swift in Sources */ = {isa = PBXBuildFile; fileRef = AE343CBA28C1EE8C00B677A9 /* TextViewVC.swift */; };
		AE343CBD28C1FE5600B677A9 /* CellForAdsPhoto.swift in Sources */ = {isa = PBXBuildFile; fileRef = AE343CBC28C1FE5500B677A9 /* CellForAdsPhoto.swift */; };
		AE343CC128C7443200B677A9 /* String+extension.swift in Sources */ = {isa = PBXBuildFile; fileRef = AE343CC028C7442F00B677A9 /* String+extension.swift */; };
		AE343CC328C780DE00B677A9 /* RealmModelForUser.swift in Sources */ = {isa = PBXBuildFile; fileRef = AE343CC228C780DD00B677A9 /* RealmModelForUser.swift */; };
		AE345AC928BB7C9F003C09CD /* CellForTextField.swift in Sources */ = {isa = PBXBuildFile; fileRef = AE345AC828BB7C9F003C09CD /* CellForTextField.swift */; };
		AE345ACB28BB829D003C09CD /* CellForDescription.swift in Sources */ = {isa = PBXBuildFile; fileRef = AE345ACA28BB829D003C09CD /* CellForDescription.swift */; };
		AE345ACE28BB8EB4003C09CD /* ModelsForAds.swift in Sources */ = {isa = PBXBuildFile; fileRef = AE345ACD28BB8EB4003C09CD /* ModelsForAds.swift */; };
		AE345AD028BB9033003C09CD /* RealmModelForSearch.swift in Sources */ = {isa = PBXBuildFile; fileRef = AE345ACF28BB9033003C09CD /* RealmModelForSearch.swift */; };
		AE345AD228BB9047003C09CD /* RealmModelForAds.swift in Sources */ = {isa = PBXBuildFile; fileRef = AE345AD128BB9046003C09CD /* RealmModelForAds.swift */; };
		AE39BD2D28A647FC0080DB52 /* BaseViewController.swift in Sources */ = {isa = PBXBuildFile; fileRef = AE39BD2C28A647FB0080DB52 /* BaseViewController.swift */; };
		AEA43D7B28AEB79D002BF0C0 /* CellForMileage.swift in Sources */ = {isa = PBXBuildFile; fileRef = AEA43D7A28AEB79D002BF0C0 /* CellForMileage.swift */; };
		AEA43D7E28AFB6C4002BF0C0 /* Alamofire in Frameworks */ = {isa = PBXBuildFile; productRef = AEA43D7D28AFB6C4002BF0C0 /* Alamofire */; };
		AEA43D8128AFB6FA002BF0C0 /* Constants.swift in Sources */ = {isa = PBXBuildFile; fileRef = AEA43D8028AFB6FA002BF0C0 /* Constants.swift */; };
		AEA43D8328AFB721002BF0C0 /* AlamofireProvider.swift in Sources */ = {isa = PBXBuildFile; fileRef = AEA43D8228AFB721002BF0C0 /* AlamofireProvider.swift */; };
		AEA43D8528AFBA5E002BF0C0 /* UserModel.swift in Sources */ = {isa = PBXBuildFile; fileRef = AEA43D8428AFBA5E002BF0C0 /* UserModel.swift */; };
		AEA43D8728B0DDB8002BF0C0 /* ModelCarVC.swift in Sources */ = {isa = PBXBuildFile; fileRef = AEA43D8628B0DDB8002BF0C0 /* ModelCarVC.swift */; };
		AEA43D8C28B15844002BF0C0 /* ChooseMileageVC.swift in Sources */ = {isa = PBXBuildFile; fileRef = AEA43D8B28B15844002BF0C0 /* ChooseMileageVC.swift */; };
		AEA43D8F28B36D12002BF0C0 /* Realm in Frameworks */ = {isa = PBXBuildFile; productRef = AEA43D8E28B36D12002BF0C0 /* Realm */; };
		AEA43D9128B36D12002BF0C0 /* RealmSwift in Frameworks */ = {isa = PBXBuildFile; productRef = AEA43D9028B36D12002BF0C0 /* RealmSwift */; };
		AEA43D9328B370F9002BF0C0 /* PickerVC.swift in Sources */ = {isa = PBXBuildFile; fileRef = AEA43D9228B370F8002BF0C0 /* PickerVC.swift */; };
		AEBB439228AD17D50037E5B1 /* ModelForCarBrendAndModel.swift in Sources */ = {isa = PBXBuildFile; fileRef = AEBB439128AD17D50037E5B1 /* ModelForCarBrendAndModel.swift */; };
		AEBB439428AD259E0037E5B1 /* BrendCarVC.swift in Sources */ = {isa = PBXBuildFile; fileRef = AEBB439328AD259E0037E5B1 /* BrendCarVC.swift */; };
		AEBB439628AD28630037E5B1 /* BrendCarCell.swift in Sources */ = {isa = PBXBuildFile; fileRef = AEBB439528AD28630037E5B1 /* BrendCarCell.swift */; };
		AEBB439928AD5A070037E5B1 /* LogInFireBaseService .swift in Sources */ = {isa = PBXBuildFile; fileRef = AEBB439828AD5A070037E5B1 /* LogInFireBaseService .swift */; };
		AEC70F8228AB9B6B00C84BB6 /* CellForRequestView.swift in Sources */ = {isa = PBXBuildFile; fileRef = AEC70F8128AB9B6B00C84BB6 /* CellForRequestView.swift */; };
		AED205A628B4D39D00EC8C83 /* RealmServise .swift in Sources */ = {isa = PBXBuildFile; fileRef = AED205A528B4D39D00EC8C83 /* RealmServise .swift */; };
		AED205A828B614F300EC8C83 /* ChooseCostVC.swift in Sources */ = {isa = PBXBuildFile; fileRef = AED205A728B614F300EC8C83 /* ChooseCostVC.swift */; };
		AED205B128B8DB0C00EC8C83 /* AddAdsVC.swift in Sources */ = {isa = PBXBuildFile; fileRef = AED205B028B8DB0C00EC8C83 /* AddAdsVC.swift */; };
/* End PBXBuildFile section */

/* Begin PBXFileReference section */
		AE04219628A935FF00034C2F /* ListSearchParametrVC.swift */ = {isa = PBXFileReference; lastKnownFileType = sourcecode.swift; path = ListSearchParametrVC.swift; sourceTree = "<group>"; };
		AE04219A28A94DE900034C2F /* ModelsForSearchCar.swift */ = {isa = PBXFileReference; lastKnownFileType = sourcecode.swift; path = ModelsForSearchCar.swift; sourceTree = "<group>"; };
		AE04219C28A95CD900034C2F /* CellForTouch.swift */ = {isa = PBXFileReference; lastKnownFileType = sourcecode.swift; path = CellForTouch.swift; sourceTree = "<group>"; };
		AE04219E28A95D5D00034C2F /* CustomUILabel.swift */ = {isa = PBXFileReference; lastKnownFileType = sourcecode.swift; path = CustomUILabel.swift; sourceTree = "<group>"; };
		AE0BE88328A2403700C0E116 /* Used.by.app */ = {isa = PBXFileReference; explicitFileType = wrapper.application; includeInIndex = 0; path = Used.by.app; sourceTree = BUILT_PRODUCTS_DIR; };
		AE0BE88628A2403700C0E116 /* AppDelegate.swift */ = {isa = PBXFileReference; lastKnownFileType = sourcecode.swift; path = AppDelegate.swift; sourceTree = "<group>"; };
		AE0BE88828A2403700C0E116 /* SceneDelegate.swift */ = {isa = PBXFileReference; lastKnownFileType = sourcecode.swift; path = SceneDelegate.swift; sourceTree = "<group>"; };
		AE0BE88A28A2403700C0E116 /* SearchViewController.swift */ = {isa = PBXFileReference; lastKnownFileType = sourcecode.swift; path = SearchViewController.swift; sourceTree = "<group>"; };
		AE0BE88F28A2403A00C0E116 /* Assets.xcassets */ = {isa = PBXFileReference; lastKnownFileType = folder.assetcatalog; path = Assets.xcassets; sourceTree = "<group>"; };
		AE0BE89228A2403A00C0E116 /* Base */ = {isa = PBXFileReference; lastKnownFileType = file.storyboard; name = Base; path = Base.lproj/LaunchScreen.storyboard; sourceTree = "<group>"; };
		AE0BE89428A2403A00C0E116 /* Info.plist */ = {isa = PBXFileReference; lastKnownFileType = text.plist.xml; path = Info.plist; sourceTree = "<group>"; };
		AE0BE89A28A245B100C0E116 /* MainTabBarController.swift */ = {isa = PBXFileReference; lastKnownFileType = sourcecode.swift; path = MainTabBarController.swift; sourceTree = "<group>"; };
		AE0BE89C28A2473A00C0E116 /* SaveAdsViewController.swift */ = {isa = PBXFileReference; lastKnownFileType = sourcecode.swift; path = SaveAdsViewController.swift; sourceTree = "<group>"; };
		AE0BE89E28A2475100C0E116 /* MyAdsViewController.swift */ = {isa = PBXFileReference; lastKnownFileType = sourcecode.swift; path = MyAdsViewController.swift; sourceTree = "<group>"; };
		AE0BE8A028A247A500C0E116 /* ProfileViewController.swift */ = {isa = PBXFileReference; lastKnownFileType = sourcecode.swift; path = ProfileViewController.swift; sourceTree = "<group>"; };
		AE0BE8A428A24FD600C0E116 /* UIColor+extension.swift */ = {isa = PBXFileReference; lastKnownFileType = sourcecode.swift; path = "UIColor+extension.swift"; sourceTree = "<group>"; };
		AE0BE8A728A25A2A00C0E116 /* LoginFoarnViewController .swift */ = {isa = PBXFileReference; lastKnownFileType = sourcecode.swift; path = "LoginFoarnViewController .swift"; sourceTree = "<group>"; };
		AE0BE8AE28A2B3E700C0E116 /* CustomTextField.swift */ = {isa = PBXFileReference; lastKnownFileType = sourcecode.swift; path = CustomTextField.swift; sourceTree = "<group>"; };
		AE0BE8B028A2B56100C0E116 /* CustomButton.swift */ = {isa = PBXFileReference; lastKnownFileType = sourcecode.swift; path = CustomButton.swift; sourceTree = "<group>"; };
		AE0BE8B228A3ACD500C0E116 /* GoogleService-Info.plist */ = {isa = PBXFileReference; fileEncoding = 4; lastKnownFileType = text.plist.xml; path = "GoogleService-Info.plist"; sourceTree = "<group>"; };
		AE0BE8F128A3E53200C0E116 /* ProfileCellForSettingVC.swift */ = {isa = PBXFileReference; lastKnownFileType = sourcecode.swift; path = ProfileCellForSettingVC.swift; sourceTree = "<group>"; };
		AE343CAE28BE3D5900B677A9 /* ViewingAdsVC.swift */ = {isa = PBXFileReference; lastKnownFileType = sourcecode.swift; path = ViewingAdsVC.swift; sourceTree = "<group>"; };
		AE343CB228BE42BB00B677A9 /* AdsCell.swift */ = {isa = PBXFileReference; lastKnownFileType = sourcecode.swift; path = AdsCell.swift; sourceTree = "<group>"; };
		AE343CB428BF90F600B677A9 /* AdsVC.swift */ = {isa = PBXFileReference; lastKnownFileType = sourcecode.swift; path = AdsVC.swift; sourceTree = "<group>"; };
		AE343CB628BFD75A00B677A9 /* CellForSpecification.swift */ = {isa = PBXFileReference; lastKnownFileType = sourcecode.swift; path = CellForSpecification.swift; sourceTree = "<group>"; };
		AE343CB828C0FA1600B677A9 /* ChooseParamsVC.swift */ = {isa = PBXFileReference; lastKnownFileType = sourcecode.swift; path = ChooseParamsVC.swift; sourceTree = "<group>"; };
		AE343CBA28C1EE8C00B677A9 /* TextViewVC.swift */ = {isa = PBXFileReference; lastKnownFileType = sourcecode.swift; path = TextViewVC.swift; sourceTree = "<group>"; };
		AE343CBC28C1FE5500B677A9 /* CellForAdsPhoto.swift */ = {isa = PBXFileReference; lastKnownFileType = sourcecode.swift; path = CellForAdsPhoto.swift; sourceTree = "<group>"; };
		AE343CC028C7442F00B677A9 /* String+extension.swift */ = {isa = PBXFileReference; lastKnownFileType = sourcecode.swift; path = "String+extension.swift"; sourceTree = "<group>"; };
		AE343CC228C780DD00B677A9 /* RealmModelForUser.swift */ = {isa = PBXFileReference; lastKnownFileType = sourcecode.swift; path = RealmModelForUser.swift; sourceTree = "<group>"; };
		AE345AC828BB7C9F003C09CD /* CellForTextField.swift */ = {isa = PBXFileReference; lastKnownFileType = sourcecode.swift; path = CellForTextField.swift; sourceTree = "<group>"; };
		AE345ACA28BB829D003C09CD /* CellForDescription.swift */ = {isa = PBXFileReference; lastKnownFileType = sourcecode.swift; path = CellForDescription.swift; sourceTree = "<group>"; };
		AE345ACD28BB8EB4003C09CD /* ModelsForAds.swift */ = {isa = PBXFileReference; lastKnownFileType = sourcecode.swift; path = ModelsForAds.swift; sourceTree = "<group>"; };
		AE345ACF28BB9033003C09CD /* RealmModelForSearch.swift */ = {isa = PBXFileReference; lastKnownFileType = sourcecode.swift; path = RealmModelForSearch.swift; sourceTree = "<group>"; };
		AE345AD128BB9046003C09CD /* RealmModelForAds.swift */ = {isa = PBXFileReference; lastKnownFileType = sourcecode.swift; path = RealmModelForAds.swift; sourceTree = "<group>"; };
		AE39BD2C28A647FB0080DB52 /* BaseViewController.swift */ = {isa = PBXFileReference; lastKnownFileType = sourcecode.swift; path = BaseViewController.swift; sourceTree = "<group>"; };
		AEA43D7A28AEB79D002BF0C0 /* CellForMileage.swift */ = {isa = PBXFileReference; lastKnownFileType = sourcecode.swift; path = CellForMileage.swift; sourceTree = "<group>"; };
		AEA43D8028AFB6FA002BF0C0 /* Constants.swift */ = {isa = PBXFileReference; lastKnownFileType = sourcecode.swift; path = Constants.swift; sourceTree = "<group>"; };
		AEA43D8228AFB721002BF0C0 /* AlamofireProvider.swift */ = {isa = PBXFileReference; lastKnownFileType = sourcecode.swift; path = AlamofireProvider.swift; sourceTree = "<group>"; };
		AEA43D8428AFBA5E002BF0C0 /* UserModel.swift */ = {isa = PBXFileReference; lastKnownFileType = sourcecode.swift; path = UserModel.swift; sourceTree = "<group>"; };
		AEA43D8628B0DDB8002BF0C0 /* ModelCarVC.swift */ = {isa = PBXFileReference; lastKnownFileType = sourcecode.swift; path = ModelCarVC.swift; sourceTree = "<group>"; };
		AEA43D8B28B15844002BF0C0 /* ChooseMileageVC.swift */ = {isa = PBXFileReference; lastKnownFileType = sourcecode.swift; path = ChooseMileageVC.swift; sourceTree = "<group>"; };
		AEA43D9228B370F8002BF0C0 /* PickerVC.swift */ = {isa = PBXFileReference; lastKnownFileType = sourcecode.swift; path = PickerVC.swift; sourceTree = "<group>"; };
		AEBB439128AD17D50037E5B1 /* ModelForCarBrendAndModel.swift */ = {isa = PBXFileReference; lastKnownFileType = sourcecode.swift; path = ModelForCarBrendAndModel.swift; sourceTree = "<group>"; };
		AEBB439328AD259E0037E5B1 /* BrendCarVC.swift */ = {isa = PBXFileReference; lastKnownFileType = sourcecode.swift; path = BrendCarVC.swift; sourceTree = "<group>"; };
		AEBB439528AD28630037E5B1 /* BrendCarCell.swift */ = {isa = PBXFileReference; lastKnownFileType = sourcecode.swift; path = BrendCarCell.swift; sourceTree = "<group>"; };
		AEBB439828AD5A070037E5B1 /* LogInFireBaseService .swift */ = {isa = PBXFileReference; lastKnownFileType = sourcecode.swift; path = "LogInFireBaseService .swift"; sourceTree = "<group>"; };
		AEC70F8128AB9B6B00C84BB6 /* CellForRequestView.swift */ = {isa = PBXFileReference; lastKnownFileType = sourcecode.swift; path = CellForRequestView.swift; sourceTree = "<group>"; };
		AED205A528B4D39D00EC8C83 /* RealmServise .swift */ = {isa = PBXFileReference; lastKnownFileType = sourcecode.swift; path = "RealmServise .swift"; sourceTree = "<group>"; };
		AED205A728B614F300EC8C83 /* ChooseCostVC.swift */ = {isa = PBXFileReference; lastKnownFileType = sourcecode.swift; path = ChooseCostVC.swift; sourceTree = "<group>"; };
		AED205B028B8DB0C00EC8C83 /* AddAdsVC.swift */ = {isa = PBXFileReference; lastKnownFileType = sourcecode.swift; path = AddAdsVC.swift; sourceTree = "<group>"; };
/* End PBXFileReference section */

/* Begin PBXFrameworksBuildPhase section */
		AE0BE88028A2403700C0E116 /* Frameworks */ = {
			isa = PBXFrameworksBuildPhase;
			buildActionMask = 2147483647;
			files = (
				AEA43D9128B36D12002BF0C0 /* RealmSwift in Frameworks */,
				AEA43D8F28B36D12002BF0C0 /* Realm in Frameworks */,
				AE0421B728AA8C6900034C2F /* FirebaseDatabaseSwift in Frameworks */,
				AE0421B528AA8C6900034C2F /* FirebaseDatabase in Frameworks */,
				AE0421BD28AA8C6900034C2F /* FirebaseStorage in Frameworks */,
				AE0421A428AA433600034C2F /* GoogleSignInSwift in Frameworks */,
				AE0BE8AB28A260F600C0E116 /* SnapKit in Frameworks */,
				AEA43D7E28AFB6C4002BF0C0 /* Alamofire in Frameworks */,
				AE0421A228AA433600034C2F /* GoogleSignIn in Frameworks */,
				AE0421B328AA8C6900034C2F /* FirebaseAuth in Frameworks */,
				AE0421B928AA8C6900034C2F /* FirebaseFirestore in Frameworks */,
				AE0421BB28AA8C6900034C2F /* FirebaseFirestoreSwift in Frameworks */,
			);
			runOnlyForDeploymentPostprocessing = 0;
		};
/* End PBXFrameworksBuildPhase section */

/* Begin PBXGroup section */
		AE04219828A94C9E00034C2F /* CellForSearchCarList */ = {
			isa = PBXGroup;
			children = (
				AEA43D7A28AEB79D002BF0C0 /* CellForMileage.swift */,
				AE04219C28A95CD900034C2F /* CellForTouch.swift */,
				AE345AC828BB7C9F003C09CD /* CellForTextField.swift */,
				AE345ACA28BB829D003C09CD /* CellForDescription.swift */,
				AE343CBC28C1FE5500B677A9 /* CellForAdsPhoto.swift */,
				AEBB439528AD28630037E5B1 /* BrendCarCell.swift */,
				AEC70F8128AB9B6B00C84BB6 /* CellForRequestView.swift */,
			);
			path = CellForSearchCarList;
			sourceTree = "<group>";
		};
		AE04219928A94DAA00034C2F /* ModelsForSearchCar */ = {
			isa = PBXGroup;
			children = (
				AE04219A28A94DE900034C2F /* ModelsForSearchCar.swift */,
				AEBB439128AD17D50037E5B1 /* ModelForCarBrendAndModel.swift */,
			);
			path = ModelsForSearchCar;
			sourceTree = "<group>";
		};
		AE0BE87A28A2403700C0E116 = {
			isa = PBXGroup;
			children = (
				AE0BE88528A2403700C0E116 /* Used.by */,
				AE0BE88428A2403700C0E116 /* Products */,
			);
			sourceTree = "<group>";
		};
		AE0BE88428A2403700C0E116 /* Products */ = {
			isa = PBXGroup;
			children = (
				AE0BE88328A2403700C0E116 /* Used.by.app */,
			);
			name = Products;
			sourceTree = "<group>";
		};
		AE0BE88528A2403700C0E116 /* Used.by */ = {
			isa = PBXGroup;
			children = (
				AE343CB128BE42A600B677A9 /* CellForAds */,
				AED205A428B4D37C00EC8C83 /* RealmServise */,
				AEA43D7F28AFB6D9002BF0C0 /* AlamofireServise  */,
				AEBB439728AD59C80037E5B1 /* ServiceFireBase */,
				AE345ACC28BB8E89003C09CD /* ModelsForAddAds */,
				AE04219928A94DAA00034C2F /* ModelsForSearchCar */,
				AE04219828A94C9E00034C2F /* CellForSearchCarList */,
				AE0BE8A628A24FDB00C0E116 /* Extension */,
				AE0BE8A228A2480400C0E116 /* VC */,
				AE0BE8A328A2481D00C0E116 /* Delegate */,
				AED205AC28B77E7400EC8C83 /* TabBarController */,
				AE0BE88F28A2403A00C0E116 /* Assets.xcassets */,
				AE0BE8F328A3E54000C0E116 /* CellForSettingVC */,
				AE0BE89128A2403A00C0E116 /* LaunchScreen.storyboard */,
				AE0BE89428A2403A00C0E116 /* Info.plist */,
				AE0BE8B228A3ACD500C0E116 /* GoogleService-Info.plist */,
			);
			path = Used.by;
			sourceTree = "<group>";
		};
		AE0BE8A228A2480400C0E116 /* VC */ = {
			isa = PBXGroup;
			children = (
				AED205AD28B77E8C00EC8C83 /* MainVC */,
				AED205AE28B77E9600EC8C83 /* LoginFoarmVC */,
				AED205AF28B77EA700EC8C83 /* SearchListVC */,
				AED205B228B8DB2000EC8C83 /* AddAdsVC */,
				AE343CB028BE3D6100B677A9 /* ViewingAdsVC */,
			);
			path = VC;
			sourceTree = "<group>";
		};
		AE0BE8A328A2481D00C0E116 /* Delegate */ = {
			isa = PBXGroup;
			children = (
				AE0BE88628A2403700C0E116 /* AppDelegate.swift */,
				AE0BE88828A2403700C0E116 /* SceneDelegate.swift */,
			);
			path = Delegate;
			sourceTree = "<group>";
		};
		AE0BE8A628A24FDB00C0E116 /* Extension */ = {
			isa = PBXGroup;
			children = (
				AE0BE8A428A24FD600C0E116 /* UIColor+extension.swift */,
				AE0BE8AE28A2B3E700C0E116 /* CustomTextField.swift */,
				AE0BE8B028A2B56100C0E116 /* CustomButton.swift */,
				AE39BD2C28A647FB0080DB52 /* BaseViewController.swift */,
				AE04219E28A95D5D00034C2F /* CustomUILabel.swift */,
				AE343CC028C7442F00B677A9 /* String+extension.swift */,
			);
			path = Extension;
			sourceTree = "<group>";
		};
		AE0BE8F328A3E54000C0E116 /* CellForSettingVC */ = {
			isa = PBXGroup;
			children = (
				AE0BE8F128A3E53200C0E116 /* ProfileCellForSettingVC.swift */,
			);
			path = CellForSettingVC;
			sourceTree = "<group>";
		};
		AE343CB028BE3D6100B677A9 /* ViewingAdsVC */ = {
			isa = PBXGroup;
			children = (
				AE343CAE28BE3D5900B677A9 /* ViewingAdsVC.swift */,
				AE343CB428BF90F600B677A9 /* AdsVC.swift */,
			);
			path = ViewingAdsVC;
			sourceTree = "<group>";
		};
		AE343CB128BE42A600B677A9 /* CellForAds */ = {
			isa = PBXGroup;
			children = (
				AE343CB228BE42BB00B677A9 /* AdsCell.swift */,
				AE343CB628BFD75A00B677A9 /* CellForSpecification.swift */,
			);
			name = CellForAds;
			sourceTree = "<group>";
		};
		AE345ACC28BB8E89003C09CD /* ModelsForAddAds */ = {
			isa = PBXGroup;
			children = (
				AE345ACD28BB8EB4003C09CD /* ModelsForAds.swift */,
			);
			name = ModelsForAddAds;
			sourceTree = "<group>";
		};
		AEA43D7F28AFB6D9002BF0C0 /* AlamofireServise  */ = {
			isa = PBXGroup;
			children = (
				AEA43D8028AFB6FA002BF0C0 /* Constants.swift */,
				AEA43D8228AFB721002BF0C0 /* AlamofireProvider.swift */,
				AEA43D8428AFBA5E002BF0C0 /* UserModel.swift */,
			);
			name = "AlamofireServise ";
			sourceTree = "<group>";
		};
		AEBB439728AD59C80037E5B1 /* ServiceFireBase */ = {
			isa = PBXGroup;
			children = (
				AEBB439828AD5A070037E5B1 /* LogInFireBaseService .swift */,
			);
			name = ServiceFireBase;
			sourceTree = "<group>";
		};
		AED205A428B4D37C00EC8C83 /* RealmServise */ = {
			isa = PBXGroup;
			children = (
				AED205A528B4D39D00EC8C83 /* RealmServise .swift */,
				AE345ACF28BB9033003C09CD /* RealmModelForSearch.swift */,
				AE345AD128BB9046003C09CD /* RealmModelForAds.swift */,
				AE343CC228C780DD00B677A9 /* RealmModelForUser.swift */,
			);
			name = RealmServise;
			sourceTree = "<group>";
		};
		AED205AC28B77E7400EC8C83 /* TabBarController */ = {
			isa = PBXGroup;
			children = (
				AE0BE89A28A245B100C0E116 /* MainTabBarController.swift */,
			);
			path = TabBarController;
			sourceTree = "<group>";
		};
		AED205AD28B77E8C00EC8C83 /* MainVC */ = {
			isa = PBXGroup;
			children = (
				AE0BE88A28A2403700C0E116 /* SearchViewController.swift */,
				AE0BE89E28A2475100C0E116 /* MyAdsViewController.swift */,
				AE0BE89C28A2473A00C0E116 /* SaveAdsViewController.swift */,
				AE0BE8A028A247A500C0E116 /* ProfileViewController.swift */,
			);
			path = MainVC;
			sourceTree = "<group>";
		};
		AED205AE28B77E9600EC8C83 /* LoginFoarmVC */ = {
			isa = PBXGroup;
			children = (
				AE0BE8A728A25A2A00C0E116 /* LoginFoarnViewController .swift */,
			);
			path = LoginFoarmVC;
			sourceTree = "<group>";
		};
		AED205AF28B77EA700EC8C83 /* SearchListVC */ = {
			isa = PBXGroup;
			children = (
				AE04219628A935FF00034C2F /* ListSearchParametrVC.swift */,
				AEBB439328AD259E0037E5B1 /* BrendCarVC.swift */,
				AEA43D8628B0DDB8002BF0C0 /* ModelCarVC.swift */,
				AEA43D8B28B15844002BF0C0 /* ChooseMileageVC.swift */,
				AEA43D9228B370F8002BF0C0 /* PickerVC.swift */,
				AED205A728B614F300EC8C83 /* ChooseCostVC.swift */,
			);
			path = SearchListVC;
			sourceTree = "<group>";
		};
		AED205B228B8DB2000EC8C83 /* AddAdsVC */ = {
			isa = PBXGroup;
			children = (
				AED205B028B8DB0C00EC8C83 /* AddAdsVC.swift */,
				AE343CB828C0FA1600B677A9 /* ChooseParamsVC.swift */,
				AE343CBA28C1EE8C00B677A9 /* TextViewVC.swift */,
			);
			path = AddAdsVC;
			sourceTree = "<group>";
		};
/* End PBXGroup section */

/* Begin PBXNativeTarget section */
		AE0BE88228A2403700C0E116 /* Used.by */ = {
			isa = PBXNativeTarget;
			buildConfigurationList = AE0BE89728A2403A00C0E116 /* Build configuration list for PBXNativeTarget "Used.by" */;
			buildPhases = (
				AE0BE87F28A2403700C0E116 /* Sources */,
				AE0BE88028A2403700C0E116 /* Frameworks */,
				AE0BE88128A2403700C0E116 /* Resources */,
			);
			buildRules = (
			);
			dependencies = (
			);
			name = Used.by;
			packageProductDependencies = (
				AE0BE8AA28A260F600C0E116 /* SnapKit */,
				AE0421A128AA433600034C2F /* GoogleSignIn */,
				AE0421A328AA433600034C2F /* GoogleSignInSwift */,
				AE0421B228AA8C6900034C2F /* FirebaseAuth */,
				AE0421B428AA8C6900034C2F /* FirebaseDatabase */,
				AE0421B628AA8C6900034C2F /* FirebaseDatabaseSwift */,
				AE0421B828AA8C6900034C2F /* FirebaseFirestore */,
				AE0421BA28AA8C6900034C2F /* FirebaseFirestoreSwift */,
				AE0421BC28AA8C6900034C2F /* FirebaseStorage */,
				AEA43D7D28AFB6C4002BF0C0 /* Alamofire */,
				AEA43D8E28B36D12002BF0C0 /* Realm */,
				AEA43D9028B36D12002BF0C0 /* RealmSwift */,
			);
			productName = Used.by;
			productReference = AE0BE88328A2403700C0E116 /* Used.by.app */;
			productType = "com.apple.product-type.application";
		};
/* End PBXNativeTarget section */

/* Begin PBXProject section */
		AE0BE87B28A2403700C0E116 /* Project object */ = {
			isa = PBXProject;
			attributes = {
				BuildIndependentTargetsInParallel = 1;
				LastSwiftUpdateCheck = 1340;
				LastUpgradeCheck = 1340;
				TargetAttributes = {
					AE0BE88228A2403700C0E116 = {
						CreatedOnToolsVersion = 13.4.1;
					};
				};
			};
			buildConfigurationList = AE0BE87E28A2403700C0E116 /* Build configuration list for PBXProject "Used.by" */;
			compatibilityVersion = "Xcode 13.0";
			developmentRegion = en;
			hasScannedForEncodings = 0;
			knownRegions = (
				en,
				Base,
			);
			mainGroup = AE0BE87A28A2403700C0E116;
			packageReferences = (
				AE0BE8A928A260F600C0E116 /* XCRemoteSwiftPackageReference "SnapKit" */,
				AE0421A028AA433600034C2F /* XCRemoteSwiftPackageReference "GoogleSignIn-iOS" */,
				AE0421B128AA8C6900034C2F /* XCRemoteSwiftPackageReference "firebase-ios-sdk" */,
				AEA43D7C28AFB6C4002BF0C0 /* XCRemoteSwiftPackageReference "Alamofire" */,
				AEA43D8D28B36D12002BF0C0 /* XCRemoteSwiftPackageReference "realm-swift" */,
			);
			productRefGroup = AE0BE88428A2403700C0E116 /* Products */;
			projectDirPath = "";
			projectRoot = "";
			targets = (
				AE0BE88228A2403700C0E116 /* Used.by */,
			);
		};
/* End PBXProject section */

/* Begin PBXResourcesBuildPhase section */
		AE0BE88128A2403700C0E116 /* Resources */ = {
			isa = PBXResourcesBuildPhase;
			buildActionMask = 2147483647;
			files = (
				AE0BE89328A2403A00C0E116 /* LaunchScreen.storyboard in Resources */,
				AE0BE89028A2403A00C0E116 /* Assets.xcassets in Resources */,
				AE0BE8B328A3ACD500C0E116 /* GoogleService-Info.plist in Resources */,
			);
			runOnlyForDeploymentPostprocessing = 0;
		};
/* End PBXResourcesBuildPhase section */

/* Begin PBXSourcesBuildPhase section */
		AE0BE87F28A2403700C0E116 /* Sources */ = {
			isa = PBXSourcesBuildPhase;
			buildActionMask = 2147483647;
			files = (
				AE343CC328C780DE00B677A9 /* RealmModelForUser.swift in Sources */,
				AE04219728A935FF00034C2F /* ListSearchParametrVC.swift in Sources */,
				AE343CBD28C1FE5600B677A9 /* CellForAdsPhoto.swift in Sources */,
				AE0BE8B128A2B56100C0E116 /* CustomButton.swift in Sources */,
				AE343CB928C0FA1600B677A9 /* ChooseParamsVC.swift in Sources */,
				AEBB439428AD259E0037E5B1 /* BrendCarVC.swift in Sources */,
				AED205B128B8DB0C00EC8C83 /* AddAdsVC.swift in Sources */,
				AE04219D28A95CD900034C2F /* CellForTouch.swift in Sources */,
				AE345AC928BB7C9F003C09CD /* CellForTextField.swift in Sources */,
				AE345ACB28BB829D003C09CD /* CellForDescription.swift in Sources */,
				AE343CAF28BE3D5A00B677A9 /* ViewingAdsVC.swift in Sources */,
				AE0BE88B28A2403700C0E116 /* SearchViewController.swift in Sources */,
				AE0BE8A528A24FD600C0E116 /* UIColor+extension.swift in Sources */,
				AE343CBB28C1EE8C00B677A9 /* TextViewVC.swift in Sources */,
				AEA43D9328B370F9002BF0C0 /* PickerVC.swift in Sources */,
				AE04219F28A95D5D00034C2F /* CustomUILabel.swift in Sources */,
				AE345AD028BB9033003C09CD /* RealmModelForSearch.swift in Sources */,
				AE0BE89F28A2475100C0E116 /* MyAdsViewController.swift in Sources */,
				AE0BE88728A2403700C0E116 /* AppDelegate.swift in Sources */,
				AED205A628B4D39D00EC8C83 /* RealmServise .swift in Sources */,
				AEBB439928AD5A070037E5B1 /* LogInFireBaseService .swift in Sources */,
				AE04219B28A94DEA00034C2F /* ModelsForSearchCar.swift in Sources */,
				AEBB439228AD17D50037E5B1 /* ModelForCarBrendAndModel.swift in Sources */,
				AEBB439628AD28630037E5B1 /* BrendCarCell.swift in Sources */,
				AE0BE89D28A2473A00C0E116 /* SaveAdsViewController.swift in Sources */,
				AE0BE8AF28A2B3E700C0E116 /* CustomTextField.swift in Sources */,
				AE0BE89B28A245B100C0E116 /* MainTabBarController.swift in Sources */,
				AE343CC128C7443200B677A9 /* String+extension.swift in Sources */,
				AE343CB528BF90F600B677A9 /* AdsVC.swift in Sources */,
				AED205A828B614F300EC8C83 /* ChooseCostVC.swift in Sources */,
				AE0BE8A128A247A500C0E116 /* ProfileViewController.swift in Sources */,
				AE0BE8A828A25A2A00C0E116 /* LoginFoarnViewController .swift in Sources */,
				AEA43D8C28B15844002BF0C0 /* ChooseMileageVC.swift in Sources */,
				AEA43D8528AFBA5E002BF0C0 /* UserModel.swift in Sources */,
				AEA43D8328AFB721002BF0C0 /* AlamofireProvider.swift in Sources */,
				AE343CB728BFD75B00B677A9 /* CellForSpecification.swift in Sources */,
				AE345ACE28BB8EB4003C09CD /* ModelsForAds.swift in Sources */,
				AE345AD228BB9047003C09CD /* RealmModelForAds.swift in Sources */,
				AE39BD2D28A647FC0080DB52 /* BaseViewController.swift in Sources */,
				AEC70F8228AB9B6B00C84BB6 /* CellForRequestView.swift in Sources */,
				AE0BE88928A2403700C0E116 /* SceneDelegate.swift in Sources */,
				AE0BE8F228A3E53200C0E116 /* ProfileCellForSettingVC.swift in Sources */,
				AEA43D7B28AEB79D002BF0C0 /* CellForMileage.swift in Sources */,
				AEA43D8728B0DDB8002BF0C0 /* ModelCarVC.swift in Sources */,
				AE343CB328BE42BB00B677A9 /* AdsCell.swift in Sources */,
				AEA43D8128AFB6FA002BF0C0 /* Constants.swift in Sources */,
			);
			runOnlyForDeploymentPostprocessing = 0;
		};
/* End PBXSourcesBuildPhase section */

/* Begin PBXVariantGroup section */
		AE0BE89128A2403A00C0E116 /* LaunchScreen.storyboard */ = {
			isa = PBXVariantGroup;
			children = (
				AE0BE89228A2403A00C0E116 /* Base */,
			);
			name = LaunchScreen.storyboard;
			sourceTree = "<group>";
		};
/* End PBXVariantGroup section */

/* Begin XCBuildConfiguration section */
		AE0BE89528A2403A00C0E116 /* Debug */ = {
			isa = XCBuildConfiguration;
			buildSettings = {
				ALWAYS_SEARCH_USER_PATHS = NO;
				CLANG_ANALYZER_NONNULL = YES;
				CLANG_ANALYZER_NUMBER_OBJECT_CONVERSION = YES_AGGRESSIVE;
				CLANG_CXX_LANGUAGE_STANDARD = "gnu++17";
				CLANG_ENABLE_MODULES = YES;
				CLANG_ENABLE_OBJC_ARC = YES;
				CLANG_ENABLE_OBJC_WEAK = YES;
				CLANG_WARN_BLOCK_CAPTURE_AUTORELEASING = YES;
				CLANG_WARN_BOOL_CONVERSION = YES;
				CLANG_WARN_COMMA = YES;
				CLANG_WARN_CONSTANT_CONVERSION = YES;
				CLANG_WARN_DEPRECATED_OBJC_IMPLEMENTATIONS = YES;
				CLANG_WARN_DIRECT_OBJC_ISA_USAGE = YES_ERROR;
				CLANG_WARN_DOCUMENTATION_COMMENTS = YES;
				CLANG_WARN_EMPTY_BODY = YES;
				CLANG_WARN_ENUM_CONVERSION = YES;
				CLANG_WARN_INFINITE_RECURSION = YES;
				CLANG_WARN_INT_CONVERSION = YES;
				CLANG_WARN_NON_LITERAL_NULL_CONVERSION = YES;
				CLANG_WARN_OBJC_IMPLICIT_RETAIN_SELF = YES;
				CLANG_WARN_OBJC_LITERAL_CONVERSION = YES;
				CLANG_WARN_OBJC_ROOT_CLASS = YES_ERROR;
				CLANG_WARN_QUOTED_INCLUDE_IN_FRAMEWORK_HEADER = YES;
				CLANG_WARN_RANGE_LOOP_ANALYSIS = YES;
				CLANG_WARN_STRICT_PROTOTYPES = YES;
				CLANG_WARN_SUSPICIOUS_MOVE = YES;
				CLANG_WARN_UNGUARDED_AVAILABILITY = YES_AGGRESSIVE;
				CLANG_WARN_UNREACHABLE_CODE = YES;
				CLANG_WARN__DUPLICATE_METHOD_MATCH = YES;
				COPY_PHASE_STRIP = NO;
				DEBUG_INFORMATION_FORMAT = dwarf;
				ENABLE_STRICT_OBJC_MSGSEND = YES;
				ENABLE_TESTABILITY = YES;
				GCC_C_LANGUAGE_STANDARD = gnu11;
				GCC_DYNAMIC_NO_PIC = NO;
				GCC_NO_COMMON_BLOCKS = YES;
				GCC_OPTIMIZATION_LEVEL = 0;
				GCC_PREPROCESSOR_DEFINITIONS = (
					"DEBUG=1",
					"$(inherited)",
				);
				GCC_WARN_64_TO_32_BIT_CONVERSION = YES;
				GCC_WARN_ABOUT_RETURN_TYPE = YES_ERROR;
				GCC_WARN_UNDECLARED_SELECTOR = YES;
				GCC_WARN_UNINITIALIZED_AUTOS = YES_AGGRESSIVE;
				GCC_WARN_UNUSED_FUNCTION = YES;
				GCC_WARN_UNUSED_VARIABLE = YES;
				IPHONEOS_DEPLOYMENT_TARGET = 15.5;
				MTL_ENABLE_DEBUG_INFO = INCLUDE_SOURCE;
				MTL_FAST_MATH = YES;
				ONLY_ACTIVE_ARCH = YES;
				SDKROOT = iphoneos;
				SWIFT_ACTIVE_COMPILATION_CONDITIONS = DEBUG;
				SWIFT_OPTIMIZATION_LEVEL = "-Onone";
			};
			name = Debug;
		};
		AE0BE89628A2403A00C0E116 /* Release */ = {
			isa = XCBuildConfiguration;
			buildSettings = {
				ALWAYS_SEARCH_USER_PATHS = NO;
				CLANG_ANALYZER_NONNULL = YES;
				CLANG_ANALYZER_NUMBER_OBJECT_CONVERSION = YES_AGGRESSIVE;
				CLANG_CXX_LANGUAGE_STANDARD = "gnu++17";
				CLANG_ENABLE_MODULES = YES;
				CLANG_ENABLE_OBJC_ARC = YES;
				CLANG_ENABLE_OBJC_WEAK = YES;
				CLANG_WARN_BLOCK_CAPTURE_AUTORELEASING = YES;
				CLANG_WARN_BOOL_CONVERSION = YES;
				CLANG_WARN_COMMA = YES;
				CLANG_WARN_CONSTANT_CONVERSION = YES;
				CLANG_WARN_DEPRECATED_OBJC_IMPLEMENTATIONS = YES;
				CLANG_WARN_DIRECT_OBJC_ISA_USAGE = YES_ERROR;
				CLANG_WARN_DOCUMENTATION_COMMENTS = YES;
				CLANG_WARN_EMPTY_BODY = YES;
				CLANG_WARN_ENUM_CONVERSION = YES;
				CLANG_WARN_INFINITE_RECURSION = YES;
				CLANG_WARN_INT_CONVERSION = YES;
				CLANG_WARN_NON_LITERAL_NULL_CONVERSION = YES;
				CLANG_WARN_OBJC_IMPLICIT_RETAIN_SELF = YES;
				CLANG_WARN_OBJC_LITERAL_CONVERSION = YES;
				CLANG_WARN_OBJC_ROOT_CLASS = YES_ERROR;
				CLANG_WARN_QUOTED_INCLUDE_IN_FRAMEWORK_HEADER = YES;
				CLANG_WARN_RANGE_LOOP_ANALYSIS = YES;
				CLANG_WARN_STRICT_PROTOTYPES = YES;
				CLANG_WARN_SUSPICIOUS_MOVE = YES;
				CLANG_WARN_UNGUARDED_AVAILABILITY = YES_AGGRESSIVE;
				CLANG_WARN_UNREACHABLE_CODE = YES;
				CLANG_WARN__DUPLICATE_METHOD_MATCH = YES;
				COPY_PHASE_STRIP = NO;
				DEBUG_INFORMATION_FORMAT = "dwarf-with-dsym";
				ENABLE_NS_ASSERTIONS = NO;
				ENABLE_STRICT_OBJC_MSGSEND = YES;
				GCC_C_LANGUAGE_STANDARD = gnu11;
				GCC_NO_COMMON_BLOCKS = YES;
				GCC_WARN_64_TO_32_BIT_CONVERSION = YES;
				GCC_WARN_ABOUT_RETURN_TYPE = YES_ERROR;
				GCC_WARN_UNDECLARED_SELECTOR = YES;
				GCC_WARN_UNINITIALIZED_AUTOS = YES_AGGRESSIVE;
				GCC_WARN_UNUSED_FUNCTION = YES;
				GCC_WARN_UNUSED_VARIABLE = YES;
				IPHONEOS_DEPLOYMENT_TARGET = 15.5;
				MTL_ENABLE_DEBUG_INFO = NO;
				MTL_FAST_MATH = YES;
				SDKROOT = iphoneos;
				SWIFT_COMPILATION_MODE = wholemodule;
				SWIFT_OPTIMIZATION_LEVEL = "-O";
				VALIDATE_PRODUCT = YES;
			};
			name = Release;
		};
		AE0BE89828A2403A00C0E116 /* Debug */ = {
			isa = XCBuildConfiguration;
			buildSettings = {
				ASSETCATALOG_COMPILER_APPICON_NAME = AppIcon;
				ASSETCATALOG_COMPILER_GLOBAL_ACCENT_COLOR_NAME = AccentColor;
				CODE_SIGN_IDENTITY = "Apple Development";
				CODE_SIGN_STYLE = Automatic;
				CURRENT_PROJECT_VERSION = 1;
				DEVELOPMENT_TEAM = NY9SGUADU3;
				GENERATE_INFOPLIST_FILE = YES;
				INFOPLIST_FILE = Used.by/Info.plist;
				INFOPLIST_KEY_CFBundleDisplayName = Used.by;
				INFOPLIST_KEY_UIApplicationSupportsIndirectInputEvents = YES;
				INFOPLIST_KEY_UILaunchStoryboardName = LaunchScreen;
				INFOPLIST_KEY_UISupportedInterfaceOrientations = UIInterfaceOrientationPortrait;
				INFOPLIST_KEY_UISupportedInterfaceOrientations_iPad = "UIInterfaceOrientationPortrait UIInterfaceOrientationPortraitUpsideDown UIInterfaceOrientationLandscapeLeft UIInterfaceOrientationLandscapeRight";
				INFOPLIST_KEY_UISupportedInterfaceOrientations_iPhone = "UIInterfaceOrientationPortrait UIInterfaceOrientationLandscapeLeft UIInterfaceOrientationLandscapeRight";
				INFOPLIST_KEY_UIUserInterfaceStyle = Light;
				LD_RUNPATH_SEARCH_PATHS = (
					"$(inherited)",
					"@executable_path/Frameworks",
				);
				MARKETING_VERSION = 1.0;
				PRODUCT_BUNDLE_IDENTIFIER = "com.teachmeskills.i32.Used-by";
				PRODUCT_NAME = "$(TARGET_NAME)";
				PROVISIONING_PROFILE_SPECIFIER = "";
				SWIFT_EMIT_LOC_STRINGS = YES;
				SWIFT_VERSION = 5.0;
				TARGETED_DEVICE_FAMILY = "1,2";
			};
			name = Debug;
		};
		AE0BE89928A2403A00C0E116 /* Release */ = {
			isa = XCBuildConfiguration;
			buildSettings = {
				ASSETCATALOG_COMPILER_APPICON_NAME = AppIcon;
				ASSETCATALOG_COMPILER_GLOBAL_ACCENT_COLOR_NAME = AccentColor;
				CODE_SIGN_IDENTITY = "Apple Development";
				CODE_SIGN_STYLE = Automatic;
				CURRENT_PROJECT_VERSION = 1;
				DEVELOPMENT_TEAM = NY9SGUADU3;
				GENERATE_INFOPLIST_FILE = YES;
				INFOPLIST_FILE = Used.by/Info.plist;
				INFOPLIST_KEY_CFBundleDisplayName = Used.by;
				INFOPLIST_KEY_UIApplicationSupportsIndirectInputEvents = YES;
				INFOPLIST_KEY_UILaunchStoryboardName = LaunchScreen;
				INFOPLIST_KEY_UISupportedInterfaceOrientations = UIInterfaceOrientationPortrait;
				INFOPLIST_KEY_UISupportedInterfaceOrientations_iPad = "UIInterfaceOrientationPortrait UIInterfaceOrientationPortraitUpsideDown UIInterfaceOrientationLandscapeLeft UIInterfaceOrientationLandscapeRight";
				INFOPLIST_KEY_UISupportedInterfaceOrientations_iPhone = "UIInterfaceOrientationPortrait UIInterfaceOrientationLandscapeLeft UIInterfaceOrientationLandscapeRight";
				INFOPLIST_KEY_UIUserInterfaceStyle = Light;
				LD_RUNPATH_SEARCH_PATHS = (
					"$(inherited)",
					"@executable_path/Frameworks",
				);
				MARKETING_VERSION = 1.0;
				PRODUCT_BUNDLE_IDENTIFIER = "com.teachmeskills.i32.Used-by";
				PRODUCT_NAME = "$(TARGET_NAME)";
				PROVISIONING_PROFILE_SPECIFIER = "";
				SWIFT_EMIT_LOC_STRINGS = YES;
				SWIFT_VERSION = 5.0;
				TARGETED_DEVICE_FAMILY = "1,2";
			};
			name = Release;
		};
/* End XCBuildConfiguration section */

/* Begin XCConfigurationList section */
		AE0BE87E28A2403700C0E116 /* Build configuration list for PBXProject "Used.by" */ = {
			isa = XCConfigurationList;
			buildConfigurations = (
				AE0BE89528A2403A00C0E116 /* Debug */,
				AE0BE89628A2403A00C0E116 /* Release */,
			);
			defaultConfigurationIsVisible = 0;
			defaultConfigurationName = Release;
		};
		AE0BE89728A2403A00C0E116 /* Build configuration list for PBXNativeTarget "Used.by" */ = {
			isa = XCConfigurationList;
			buildConfigurations = (
				AE0BE89828A2403A00C0E116 /* Debug */,
				AE0BE89928A2403A00C0E116 /* Release */,
			);
			defaultConfigurationIsVisible = 0;
			defaultConfigurationName = Release;
		};
/* End XCConfigurationList section */

/* Begin XCRemoteSwiftPackageReference section */
		AE0421A028AA433600034C2F /* XCRemoteSwiftPackageReference "GoogleSignIn-iOS" */ = {
			isa = XCRemoteSwiftPackageReference;
			repositoryURL = "https://github.com/google/GoogleSignIn-iOS";
			requirement = {
				kind = upToNextMajorVersion;
				minimumVersion = 6.0.0;
			};
		};
		AE0421B128AA8C6900034C2F /* XCRemoteSwiftPackageReference "firebase-ios-sdk" */ = {
			isa = XCRemoteSwiftPackageReference;
			repositoryURL = "https://github.com/firebase/firebase-ios-sdk";
			requirement = {
				kind = upToNextMajorVersion;
				minimumVersion = 9.0.0;
			};
		};
		AE0BE8A928A260F600C0E116 /* XCRemoteSwiftPackageReference "SnapKit" */ = {
			isa = XCRemoteSwiftPackageReference;
			repositoryURL = "https://github.com/SnapKit/SnapKit.git";
			requirement = {
				kind = upToNextMajorVersion;
				minimumVersion = 5.0.0;
			};
		};
		AEA43D7C28AFB6C4002BF0C0 /* XCRemoteSwiftPackageReference "Alamofire" */ = {
			isa = XCRemoteSwiftPackageReference;
			repositoryURL = "https://github.com/Alamofire/Alamofire.git";
			requirement = {
				kind = upToNextMajorVersion;
				minimumVersion = 5.0.0;
			};
		};
		AEA43D8D28B36D12002BF0C0 /* XCRemoteSwiftPackageReference "realm-swift" */ = {
			isa = XCRemoteSwiftPackageReference;
			repositoryURL = "https://github.com/realm/realm-swift";
			requirement = {
				kind = upToNextMajorVersion;
				minimumVersion = 10.19.0;
			};
		};
/* End XCRemoteSwiftPackageReference section */

/* Begin XCSwiftPackageProductDependency section */
		AE0421A128AA433600034C2F /* GoogleSignIn */ = {
			isa = XCSwiftPackageProductDependency;
			package = AE0421A028AA433600034C2F /* XCRemoteSwiftPackageReference "GoogleSignIn-iOS" */;
			productName = GoogleSignIn;
		};
		AE0421A328AA433600034C2F /* GoogleSignInSwift */ = {
			isa = XCSwiftPackageProductDependency;
			package = AE0421A028AA433600034C2F /* XCRemoteSwiftPackageReference "GoogleSignIn-iOS" */;
			productName = GoogleSignInSwift;
		};
		AE0421B228AA8C6900034C2F /* FirebaseAuth */ = {
			isa = XCSwiftPackageProductDependency;
			package = AE0421B128AA8C6900034C2F /* XCRemoteSwiftPackageReference "firebase-ios-sdk" */;
			productName = FirebaseAuth;
		};
		AE0421B428AA8C6900034C2F /* FirebaseDatabase */ = {
			isa = XCSwiftPackageProductDependency;
			package = AE0421B128AA8C6900034C2F /* XCRemoteSwiftPackageReference "firebase-ios-sdk" */;
			productName = FirebaseDatabase;
		};
		AE0421B628AA8C6900034C2F /* FirebaseDatabaseSwift */ = {
			isa = XCSwiftPackageProductDependency;
			package = AE0421B128AA8C6900034C2F /* XCRemoteSwiftPackageReference "firebase-ios-sdk" */;
			productName = FirebaseDatabaseSwift;
		};
		AE0421B828AA8C6900034C2F /* FirebaseFirestore */ = {
			isa = XCSwiftPackageProductDependency;
			package = AE0421B128AA8C6900034C2F /* XCRemoteSwiftPackageReference "firebase-ios-sdk" */;
			productName = FirebaseFirestore;
		};
		AE0421BA28AA8C6900034C2F /* FirebaseFirestoreSwift */ = {
			isa = XCSwiftPackageProductDependency;
			package = AE0421B128AA8C6900034C2F /* XCRemoteSwiftPackageReference "firebase-ios-sdk" */;
			productName = FirebaseFirestoreSwift;
		};
		AE0421BC28AA8C6900034C2F /* FirebaseStorage */ = {
			isa = XCSwiftPackageProductDependency;
			package = AE0421B128AA8C6900034C2F /* XCRemoteSwiftPackageReference "firebase-ios-sdk" */;
			productName = FirebaseStorage;
		};
		AE0BE8AA28A260F600C0E116 /* SnapKit */ = {
			isa = XCSwiftPackageProductDependency;
			package = AE0BE8A928A260F600C0E116 /* XCRemoteSwiftPackageReference "SnapKit" */;
			productName = SnapKit;
		};
		AEA43D7D28AFB6C4002BF0C0 /* Alamofire */ = {
			isa = XCSwiftPackageProductDependency;
			package = AEA43D7C28AFB6C4002BF0C0 /* XCRemoteSwiftPackageReference "Alamofire" */;
			productName = Alamofire;
		};
		AEA43D8E28B36D12002BF0C0 /* Realm */ = {
			isa = XCSwiftPackageProductDependency;
			package = AEA43D8D28B36D12002BF0C0 /* XCRemoteSwiftPackageReference "realm-swift" */;
			productName = Realm;
		};
		AEA43D9028B36D12002BF0C0 /* RealmSwift */ = {
			isa = XCSwiftPackageProductDependency;
			package = AEA43D8D28B36D12002BF0C0 /* XCRemoteSwiftPackageReference "realm-swift" */;
			productName = RealmSwift;
		};
/* End XCSwiftPackageProductDependency section */
	};
	rootObject = AE0BE87B28A2403700C0E116 /* Project object */;
}
